
Microsoft Visual Studio Solution File, Format Version 12.00
# Visual Studio Version 17
VisualStudioVersion = 17.11.35327.3
MinimumVisualStudioVersion = 10.0.40219.1
Project("{9A19103F-16F7-4668-BE54-9A1E7A4F7556}") = "PaddleOCRCore", "PaddleOCRCore\PaddleOCRCore.csproj", "{C7FE3C2E-0469-48AB-84C4-C90B5AC5562D}"
EndProject
Project("{9A19103F-16F7-4668-BE54-9A1E7A4F7556}") = "WinFormsApp", "WinFormsApp\WinFormsApp.csproj", "{E214DC04-04F3-442A-9E21-D94FAD0A4DC3}"
EndProject
Project("{9A19103F-16F7-4668-BE54-9A1E7A4F7556}") = "OCRCoreService", "OCRCoreService\OCRCoreService.csproj", "{6119DC15-BFEC-4B5C-8158-4F56D1D96F31}"
EndProject
Global
	GlobalSection(SolutionConfigurationPlatforms) = preSolution
		Debug|Any CPU = Debug|Any CPU
		Debug|x64 = Debug|x64
		Release|Any CPU = Release|Any CPU
		Release|x64 = Release|x64
	EndGlobalSection
	GlobalSection(ProjectConfigurationPlatforms) = postSolution
		{C7FE3C2E-0469-48AB-84C4-C90B5AC5562D}.Debug|Any CPU.ActiveCfg = Debug|x64
		{C7FE3C2E-0469-48AB-84C4-C90B5AC5562D}.Debug|Any CPU.Build.0 = Debug|x64
		{C7FE3C2E-0469-48AB-84C4-C90B5AC5562D}.Debug|x64.ActiveCfg = Debug|x64
		{C7FE3C2E-0469-48AB-84C4-C90B5AC5562D}.Debug|x64.Build.0 = Debug|x64
		{C7FE3C2E-0469-48AB-84C4-C90B5AC5562D}.Release|Any CPU.ActiveCfg = Release|x64
		{C7FE3C2E-0469-48AB-84C4-C90B5AC5562D}.Release|Any CPU.Build.0 = Release|x64
		{C7FE3C2E-0469-48AB-84C4-C90B5AC5562D}.Release|x64.ActiveCfg = Release|x64
		{C7FE3C2E-0469-48AB-84C4-C90B5AC5562D}.Release|x64.Build.0 = Release|x64
		{E214DC04-04F3-442A-9E21-D94FAD0A4DC3}.Debug|Any CPU.ActiveCfg = Debug|Any CPU
		{E214DC04-04F3-442A-9E21-D94FAD0A4DC3}.Debug|Any CPU.Build.0 = Debug|Any CPU
		{E214DC04-04F3-442A-9E21-D94FAD0A4DC3}.Debug|x64.ActiveCfg = Debug|Any CPU
		{E214DC04-04F3-442A-9E21-D94FAD0A4DC3}.Debug|x64.Build.0 = Debug|Any CPU
		{E214DC04-04F3-442A-9E21-D94FAD0A4DC3}.Release|Any CPU.ActiveCfg = Release|Any CPU
		{E214DC04-04F3-442A-9E21-D94FAD0A4DC3}.Release|Any CPU.Build.0 = Release|Any CPU
		{E214DC04-04F3-442A-9E21-D94FAD0A4DC3}.Release|x64.ActiveCfg = Release|Any CPU
		{E214DC04-04F3-442A-9E21-D94FAD0A4DC3}.Release|x64.Build.0 = Release|Any CPU
		{6119DC15-BFEC-4B5C-8158-4F56D1D96F31}.Debug|Any CPU.ActiveCfg = Debug|Any CPU
		{6119DC15-BFEC-4B5C-8158-4F56D1D96F31}.Debug|Any CPU.Build.0 = Debug|Any CPU
		{6119DC15-BFEC-4B5C-8158-4F56D1D96F31}.Debug|x64.ActiveCfg = Debug|Any CPU
		{6119DC15-BFEC-4B5C-8158-4F56D1D96F31}.Debug|x64.Build.0 = Debug|Any CPU
		{6119DC15-BFEC-4B5C-8158-4F56D1D96F31}.Release|Any CPU.ActiveCfg = Release|Any CPU
		{6119DC15-BFEC-4B5C-8158-4F56D1D96F31}.Release|Any CPU.Build.0 = Release|Any CPU
		{6119DC15-BFEC-4B5C-8158-4F56D1D96F31}.Release|x64.ActiveCfg = Release|Any CPU
		{6119DC15-BFEC-4B5C-8158-4F56D1D96F31}.Release|x64.Build.0 = Release|Any CPU
	EndGlobalSection
	GlobalSection(SolutionProperties) = preSolution
		HideSolutionNode = FALSE
	EndGlobalSection
	GlobalSection(ExtensibilityGlobals) = postSolution
		SolutionGuid = {0CE873DC-1EC4-4301-8203-98E5E6965964}
	EndGlobalSection
EndGlobal
